
Microsoft Visual Studio Solution File, Format Version 12.00
# Visual Studio Version 17
VisualStudioVersion = 17.1.32421.90
MinimumVisualStudioVersion = 10.0.40219.1
Project("{9A19103F-16F7-4668-BE54-9A1E7A4F7556}") = "ZGenesis", "ZGenesis\ZGenesis.csproj", "{F4BAA557-149B-4B45-B745-A8C61EB932D2}"
EndProject
Project("{2150E333-8FDC-42A3-9474-1A3956D46DE8}") = "Solution Items", "Solution Items", "{1A16A9A8-9D34-4716-97F1-3ADBED9DCEB4}"
	ProjectSection(SolutionItems) = preProject
		.gitattributes = .gitattributes
		.gitignore = .gitignore
		LICENSE = LICENSE
		README.md = README.md
	EndProjectSection
EndProject
Project("{2150E333-8FDC-42A3-9474-1A3956D46DE8}") = "BuildDeps", "BuildDeps", "{3CEDD2EF-B9A3-4C5B-9D8F-A24137E9A07F}"
	ProjectSection(SolutionItems) = preProject
		BuildDeps\0Harmony.dll = BuildDeps\0Harmony.dll
		BuildDeps\Assembly-CSharp.dll = BuildDeps\Assembly-CSharp.dll
		BuildDeps\Mirror.dll = BuildDeps\Mirror.dll
		BuildDeps\UnityEngine.CoreModule.dll = BuildDeps\UnityEngine.CoreModule.dll
	EndProjectSection
EndProject
Global
	GlobalSection(SolutionConfigurationPlatforms) = preSolution
		Debug|Any CPU = Debug|Any CPU
		Release|Any CPU = Release|Any CPU
	EndGlobalSection
	GlobalSection(ProjectConfigurationPlatforms) = postSolution
		{F4BAA557-149B-4B45-B745-A8C61EB932D2}.Debug|Any CPU.ActiveCfg = Debug|Any CPU
		{F4BAA557-149B-4B45-B745-A8C61EB932D2}.Debug|Any CPU.Build.0 = Debug|Any CPU
		{F4BAA557-149B-4B45-B745-A8C61EB932D2}.Release|Any CPU.ActiveCfg = Release|Any CPU
		{F4BAA557-149B-4B45-B745-A8C61EB932D2}.Release|Any CPU.Build.0 = Release|Any CPU
	EndGlobalSection
	GlobalSection(SolutionProperties) = preSolution
		HideSolutionNode = FALSE
	EndGlobalSection
	GlobalSection(NestedProjects) = preSolution
		{3CEDD2EF-B9A3-4C5B-9D8F-A24137E9A07F} = {1A16A9A8-9D34-4716-97F1-3ADBED9DCEB4}
	EndGlobalSection
	GlobalSection(ExtensibilityGlobals) = postSolution
		SolutionGuid = {3002E71A-93F4-4CDB-BB19-E85AC65E4628}
	EndGlobalSection
EndGlobal
